{
  "nodes": {
    "nixpkgs": {
      "locked": {
        "lastModified": 1696227680,
        "narHash": "sha256-G6Lt2qzQGl3NrI3WS4aJ40eMZRxgnhrbblnftBM3aGM=",
        "owner": "nixos",
        "repo": "nixpkgs",
        "rev": "b56f06f3e8c6f48973a43765f4b02c756ba30da4",
        "type": "github"
      },
      "original": {
        "owner": "nixos",
        "repo": "nixpkgs",
        "type": "github"
      }
    },
    "root": {
      "inputs": {
        "nixpkgs": "nixpkgs"
      }
    }
  },
  "root": "root",
  "version": 7
}
