{
  "nodes": {
    "nixpkgs": {
      "locked": {
        "lastModified": 1673429872,
        "narHash": "sha256-P+Wyfy0a+ZlFCDM9q3nVmPsVX/Zi7aNyIjLE6HEGAxA=",
        "owner": "nixos",
        "repo": "nixpkgs",
        "rev": "ce41be99da868d926fbe42146bc4cbc4dab5f4c0",
        "type": "github"
      },
      "original": {
        "owner": "nixos",
        "repo": "nixpkgs",
        "type": "github"
      }
    },
    "root": {
      "inputs": {
        "nixpkgs": "nixpkgs"
      }
    }
  },
  "root": "root",
  "version": 7
}
